
Microsoft Visual Studio Solution File, Format Version 12.00
# Visual Studio 15
VisualStudioVersion = 15.0.26228.9
MinimumVisualStudioVersion = 10.0.40219.1
Project("{FAE04EC0-301F-11D3-BF4B-00C04F79EFBC}") = "HousePainting", "HousePainting\HousePainting.csproj", "{1DF8AF0F-1014-440E-A7DE-6850CCD2BFAE}"
EndProject
Project("{FAE04EC0-301F-11D3-BF4B-00C04F79EFBC}") = "HourglassFigure", "HourglassFigure\HourglassFigure.csproj", "{F2EDC629-3D4B-4002-93A9-68D2488637BA}"
EndProject
Project("{FAE04EC0-301F-11D3-BF4B-00C04F79EFBC}") = "TrainerSalary", "TrainerSalary\TrainerSalary.csproj", "{2B77B2DC-20DA-4834-9312-7D3BE75EB772}"
EndProject
Project("{FAE04EC0-301F-11D3-BF4B-00C04F79EFBC}") = "Cups", "Cups\Cups.csproj", "{11AE1FB1-2DB1-4AAB-9510-0C47605CD6B4}"
EndProject
Project("{FAE04EC0-301F-11D3-BF4B-00C04F79EFBC}") = "SumOfTwoNumbers", "SumOfTwoNumbers\SumOfTwoNumbers.csproj", "{D76E3615-A101-41CA-8531-22B16E8B046A}"
EndProject
Project("{FAE04EC0-301F-11D3-BF4B-00C04F79EFBC}") = "Vacation", "Vacation\Vacation.csproj", "{5229CDAD-58CE-4D05-ACFB-75A3BC8A1DEA}"
EndProject
Project("{FAE04EC0-301F-11D3-BF4B-00C04F79EFBC}") = "Parallelepiped", "Parallelepiped\Parallelepiped.csproj", "{A5F9C40D-0498-4A3A-BDAB-E25CA2C96F35}"
EndProject
Project("{FAE04EC0-301F-11D3-BF4B-00C04F79EFBC}") = "GrapeAndRakia", "GrapeAndRakia\GrapeAndRakia.csproj", "{00CC87A9-EA71-4049-BD20-44931705DF7E}"
EndProject
Project("{FAE04EC0-301F-11D3-BF4B-00C04F79EFBC}") = "Styrofoam", "Styrofoam\Styrofoam.csproj", "{AC42A9E5-00C2-4476-8929-89D08725CD95}"
EndProject
Project("{FAE04EC0-301F-11D3-BF4B-00C04F79EFBC}") = "ContorlNumber", "ContorlNumber\ContorlNumber.csproj", "{29E773B1-EFE2-4F64-8D94-3FBE96AA72D8}"
EndProject
Project("{FAE04EC0-301F-11D3-BF4B-00C04F79EFBC}") = "TruckDriverSalary", "TruckDriverSalary\TruckDriverSalary.csproj", "{7CF223FA-B7AE-4353-8687-A88569B6C0D6}"
EndProject
Project("{FAE04EC0-301F-11D3-BF4B-00C04F79EFBC}") = "FamilyBills", "FamilyBills\FamilyBills.csproj", "{EA79B33B-97AB-45CE-B2BE-FC7B8BC46BD0}"
EndProject
Global
	GlobalSection(SolutionConfigurationPlatforms) = preSolution
		Debug|Any CPU = Debug|Any CPU
		Release|Any CPU = Release|Any CPU
	EndGlobalSection
	GlobalSection(ProjectConfigurationPlatforms) = postSolution
		{1DF8AF0F-1014-440E-A7DE-6850CCD2BFAE}.Debug|Any CPU.ActiveCfg = Debug|Any CPU
		{1DF8AF0F-1014-440E-A7DE-6850CCD2BFAE}.Debug|Any CPU.Build.0 = Debug|Any CPU
		{1DF8AF0F-1014-440E-A7DE-6850CCD2BFAE}.Release|Any CPU.ActiveCfg = Release|Any CPU
		{1DF8AF0F-1014-440E-A7DE-6850CCD2BFAE}.Release|Any CPU.Build.0 = Release|Any CPU
		{F2EDC629-3D4B-4002-93A9-68D2488637BA}.Debug|Any CPU.ActiveCfg = Debug|Any CPU
		{F2EDC629-3D4B-4002-93A9-68D2488637BA}.Debug|Any CPU.Build.0 = Debug|Any CPU
		{F2EDC629-3D4B-4002-93A9-68D2488637BA}.Release|Any CPU.ActiveCfg = Release|Any CPU
		{F2EDC629-3D4B-4002-93A9-68D2488637BA}.Release|Any CPU.Build.0 = Release|Any CPU
		{2B77B2DC-20DA-4834-9312-7D3BE75EB772}.Debug|Any CPU.ActiveCfg = Debug|Any CPU
		{2B77B2DC-20DA-4834-9312-7D3BE75EB772}.Debug|Any CPU.Build.0 = Debug|Any CPU
		{2B77B2DC-20DA-4834-9312-7D3BE75EB772}.Release|Any CPU.ActiveCfg = Release|Any CPU
		{2B77B2DC-20DA-4834-9312-7D3BE75EB772}.Release|Any CPU.Build.0 = Release|Any CPU
		{11AE1FB1-2DB1-4AAB-9510-0C47605CD6B4}.Debug|Any CPU.ActiveCfg = Debug|Any CPU
		{11AE1FB1-2DB1-4AAB-9510-0C47605CD6B4}.Debug|Any CPU.Build.0 = Debug|Any CPU
		{11AE1FB1-2DB1-4AAB-9510-0C47605CD6B4}.Release|Any CPU.ActiveCfg = Release|Any CPU
		{11AE1FB1-2DB1-4AAB-9510-0C47605CD6B4}.Release|Any CPU.Build.0 = Release|Any CPU
		{D76E3615-A101-41CA-8531-22B16E8B046A}.Debug|Any CPU.ActiveCfg = Debug|Any CPU
		{D76E3615-A101-41CA-8531-22B16E8B046A}.Debug|Any CPU.Build.0 = Debug|Any CPU
		{D76E3615-A101-41CA-8531-22B16E8B046A}.Release|Any CPU.ActiveCfg = Release|Any CPU
		{D76E3615-A101-41CA-8531-22B16E8B046A}.Release|Any CPU.Build.0 = Release|Any CPU
		{5229CDAD-58CE-4D05-ACFB-75A3BC8A1DEA}.Debug|Any CPU.ActiveCfg = Debug|Any CPU
		{5229CDAD-58CE-4D05-ACFB-75A3BC8A1DEA}.Debug|Any CPU.Build.0 = Debug|Any CPU
		{5229CDAD-58CE-4D05-ACFB-75A3BC8A1DEA}.Release|Any CPU.ActiveCfg = Release|Any CPU
		{5229CDAD-58CE-4D05-ACFB-75A3BC8A1DEA}.Release|Any CPU.Build.0 = Release|Any CPU
		{A5F9C40D-0498-4A3A-BDAB-E25CA2C96F35}.Debug|Any CPU.ActiveCfg = Debug|Any CPU
		{A5F9C40D-0498-4A3A-BDAB-E25CA2C96F35}.Debug|Any CPU.Build.0 = Debug|Any CPU
		{A5F9C40D-0498-4A3A-BDAB-E25CA2C96F35}.Release|Any CPU.ActiveCfg = Release|Any CPU
		{A5F9C40D-0498-4A3A-BDAB-E25CA2C96F35}.Release|Any CPU.Build.0 = Release|Any CPU
		{00CC87A9-EA71-4049-BD20-44931705DF7E}.Debug|Any CPU.ActiveCfg = Debug|Any CPU
		{00CC87A9-EA71-4049-BD20-44931705DF7E}.Debug|Any CPU.Build.0 = Debug|Any CPU
		{00CC87A9-EA71-4049-BD20-44931705DF7E}.Release|Any CPU.ActiveCfg = Release|Any CPU
		{00CC87A9-EA71-4049-BD20-44931705DF7E}.Release|Any CPU.Build.0 = Release|Any CPU
		{AC42A9E5-00C2-4476-8929-89D08725CD95}.Debug|Any CPU.ActiveCfg = Debug|Any CPU
		{AC42A9E5-00C2-4476-8929-89D08725CD95}.Debug|Any CPU.Build.0 = Debug|Any CPU
		{AC42A9E5-00C2-4476-8929-89D08725CD95}.Release|Any CPU.ActiveCfg = Release|Any CPU
		{AC42A9E5-00C2-4476-8929-89D08725CD95}.Release|Any CPU.Build.0 = Release|Any CPU
		{29E773B1-EFE2-4F64-8D94-3FBE96AA72D8}.Debug|Any CPU.ActiveCfg = Debug|Any CPU
		{29E773B1-EFE2-4F64-8D94-3FBE96AA72D8}.Debug|Any CPU.Build.0 = Debug|Any CPU
		{29E773B1-EFE2-4F64-8D94-3FBE96AA72D8}.Release|Any CPU.ActiveCfg = Release|Any CPU
		{29E773B1-EFE2-4F64-8D94-3FBE96AA72D8}.Release|Any CPU.Build.0 = Release|Any CPU
		{7CF223FA-B7AE-4353-8687-A88569B6C0D6}.Debug|Any CPU.ActiveCfg = Debug|Any CPU
		{7CF223FA-B7AE-4353-8687-A88569B6C0D6}.Debug|Any CPU.Build.0 = Debug|Any CPU
		{7CF223FA-B7AE-4353-8687-A88569B6C0D6}.Release|Any CPU.ActiveCfg = Release|Any CPU
		{7CF223FA-B7AE-4353-8687-A88569B6C0D6}.Release|Any CPU.Build.0 = Release|Any CPU
		{EA79B33B-97AB-45CE-B2BE-FC7B8BC46BD0}.Debug|Any CPU.ActiveCfg = Debug|Any CPU
		{EA79B33B-97AB-45CE-B2BE-FC7B8BC46BD0}.Debug|Any CPU.Build.0 = Debug|Any CPU
		{EA79B33B-97AB-45CE-B2BE-FC7B8BC46BD0}.Release|Any CPU.ActiveCfg = Release|Any CPU
		{EA79B33B-97AB-45CE-B2BE-FC7B8BC46BD0}.Release|Any CPU.Build.0 = Release|Any CPU
	EndGlobalSection
	GlobalSection(SolutionProperties) = preSolution
		HideSolutionNode = FALSE
	EndGlobalSection
EndGlobal
